// !$*UTF8*$!
{
	archiveVersion = 1;
	classes = {
	};
	objectVersion = 77;
	objects = {

/* Begin PBXContainerItemProxy section */
		B3D0316F2DD4ED04000CDDC1 /* PBXContainerItemProxy */ = {
			isa = PBXContainerItemProxy;
			containerPortal = B3D031592DD4ED01000CDDC1 /* Project object */;
			proxyType = 1;
			remoteGlobalIDString = B3D031602DD4ED01000CDDC1;
			remoteInfo = "where-are-you";
		};
		B3D031792DD4ED04000CDDC1 /* PBXContainerItemProxy */ = {
			isa = PBXContainerItemProxy;
			containerPortal = B3D031592DD4ED01000CDDC1 /* Project object */;
			proxyType = 1;
			remoteGlobalIDString = B3D031602DD4ED01000CDDC1;
			remoteInfo = "where-are-you";
		};
/* End PBXContainerItemProxy section */

/* Begin PBXFileReference section */
		B3D031612DD4ED01000CDDC1 /* where-are-you.app */ = {isa = PBXFileReference; explicitFileType = wrapper.application; includeInIndex = 0; path = "where-are-you.app"; sourceTree = BUILT_PRODUCTS_DIR; };
		B3D0316E2DD4ED04000CDDC1 /* where-are-youTests.xctest */ = {isa = PBXFileReference; explicitFileType = wrapper.cfbundle; includeInIndex = 0; path = "where-are-youTests.xctest"; sourceTree = BUILT_PRODUCTS_DIR; };
		B3D031782DD4ED04000CDDC1 /* where-are-youUITests.xctest */ = {isa = PBXFileReference; explicitFileType = wrapper.cfbundle; includeInIndex = 0; path = "where-are-youUITests.xctest"; sourceTree = BUILT_PRODUCTS_DIR; };
/* End PBXFileReference section */

/* Begin PBXFileSystemSynchronizedRootGroup section */
		B3D031632DD4ED01000CDDC1 /* where-are-you */ = {
			isa = PBXFileSystemSynchronizedRootGroup;
			path = "where-are-you";
			sourceTree = "<group>";
		};
		B3D031712DD4ED04000CDDC1 /* where-are-youTests */ = {
			isa = PBXFileSystemSynchronizedRootGroup;
			path = "where-are-youTests";
			sourceTree = "<group>";
		};
		B3D0317B2DD4ED04000CDDC1 /* where-are-youUITests */ = {
			isa = PBXFileSystemSynchronizedRootGroup;
			path = "where-are-youUITests";
			sourceTree = "<group>";
		};
/* End PBXFileSystemSynchronizedRootGroup section */

/* Begin PBXFrameworksBuildPhase section */
		B3D0315E2DD4ED01000CDDC1 /* Frameworks */ = {
			isa = PBXFrameworksBuildPhase;
			buildActionMask = 2147483647;
			files = (
			);
			runOnlyForDeploymentPostprocessing = 0;
		};
		B3D0316B2DD4ED04000CDDC1 /* Frameworks */ = {
			isa = PBXFrameworksBuildPhase;
			buildActionMask = 2147483647;
			files = (
			);
			runOnlyForDeploymentPostprocessing = 0;
		};
		B3D031752DD4ED04000CDDC1 /* Frameworks */ = {
			isa = PBXFrameworksBuildPhase;
			buildActionMask = 2147483647;
			files = (
			);
			runOnlyForDeploymentPostprocessing = 0;
		};
/* End PBXFrameworksBuildPhase section */

/* Begin PBXGroup section */
		B3D031582DD4ED01000CDDC1 = {
			isa = PBXGroup;
			children = (
				B3D031632DD4ED01000CDDC1 /* where-are-you */,
				B3D031712DD4ED04000CDDC1 /* where-are-youTests */,
				B3D0317B2DD4ED04000CDDC1 /* where-are-youUITests */,
				B3D031622DD4ED01000CDDC1 /* Products */,
			);
			sourceTree = "<group>";
		};
		B3D031622DD4ED01000CDDC1 /* Products */ = {
			isa = PBXGroup;
			children = (
				B3D031612DD4ED01000CDDC1 /* where-are-you.app */,
				B3D0316E2DD4ED04000CDDC1 /* where-are-youTests.xctest */,
				B3D031782DD4ED04000CDDC1 /* where-are-youUITests.xctest */,
			);
			name = Products;
			sourceTree = "<group>";
		};
/* End PBXGroup section */

/* Begin PBXNativeTarget section */
		B3D031602DD4ED01000CDDC1 /* where-are-you */ = {
			isa = PBXNativeTarget;
			buildConfigurationList = B3D031822DD4ED04000CDDC1 /* Build configuration list for PBXNativeTarget "where-are-you" */;
			buildPhases = (
				B3D0315D2DD4ED01000CDDC1 /* Sources */,
				B3D0315E2DD4ED01000CDDC1 /* Frameworks */,
				B3D0315F2DD4ED01000CDDC1 /* Resources */,
			);
			buildRules = (
			);
			dependencies = (
			);
			fileSystemSynchronizedGroups = (
				B3D031632DD4ED01000CDDC1 /* where-are-you */,
			);
			name = "where-are-you";
			packageProductDependencies = (
			);
			productName = "where-are-you";
			productReference = B3D031612DD4ED01000CDDC1 /* where-are-you.app */;
			productType = "com.apple.product-type.application";
		};
		B3D0316D2DD4ED04000CDDC1 /* where-are-youTests */ = {
			isa = PBXNativeTarget;
			buildConfigurationList = B3D031852DD4ED04000CDDC1 /* Build configuration list for PBXNativeTarget "where-are-youTests" */;
			buildPhases = (
				B3D0316A2DD4ED04000CDDC1 /* Sources */,
				B3D0316B2DD4ED04000CDDC1 /* Frameworks */,
				B3D0316C2DD4ED04000CDDC1 /* Resources */,
			);
			buildRules = (
			);
			dependencies = (
				B3D031702DD4ED04000CDDC1 /* PBXTargetDependency */,
			);
			fileSystemSynchronizedGroups = (
				B3D031712DD4ED04000CDDC1 /* where-are-youTests */,
			);
			name = "where-are-youTests";
			packageProductDependencies = (
			);
			productName = "where-are-youTests";
			productReference = B3D0316E2DD4ED04000CDDC1 /* where-are-youTests.xctest */;
			productType = "com.apple.product-type.bundle.unit-test";
		};
		B3D031772DD4ED04000CDDC1 /* where-are-youUITests */ = {
			isa = PBXNativeTarget;
			buildConfigurationList = B3D031882DD4ED04000CDDC1 /* Build configuration list for PBXNativeTarget "where-are-youUITests" */;
			buildPhases = (
				B3D031742DD4ED04000CDDC1 /* Sources */,
				B3D031752DD4ED04000CDDC1 /* Frameworks */,
				B3D031762DD4ED04000CDDC1 /* Resources */,
			);
			buildRules = (
			);
			dependencies = (
				B3D0317A2DD4ED04000CDDC1 /* PBXTargetDependency */,
			);
			fileSystemSynchronizedGroups = (
				B3D0317B2DD4ED04000CDDC1 /* where-are-youUITests */,
			);
			name = "where-are-youUITests";
			packageProductDependencies = (
			);
			productName = "where-are-youUITests";
			productReference = B3D031782DD4ED04000CDDC1 /* where-are-youUITests.xctest */;
			productType = "com.apple.product-type.bundle.ui-testing";
		};
/* End PBXNativeTarget section */

/* Begin PBXProject section */
		B3D031592DD4ED01000CDDC1 /* Project object */ = {
			isa = PBXProject;
			attributes = {
				BuildIndependentTargetsInParallel = 1;
				LastSwiftUpdateCheck = 1630;
				LastUpgradeCheck = 1630;
				TargetAttributes = {
					B3D031602DD4ED01000CDDC1 = {
						CreatedOnToolsVersion = 16.3;
					};
					B3D0316D2DD4ED04000CDDC1 = {
						CreatedOnToolsVersion = 16.3;
						TestTargetID = B3D031602DD4ED01000CDDC1;
					};
					B3D031772DD4ED04000CDDC1 = {
						CreatedOnToolsVersion = 16.3;
						TestTargetID = B3D031602DD4ED01000CDDC1;
					};
				};
			};
			buildConfigurationList = B3D0315C2DD4ED01000CDDC1 /* Build configuration list for PBXProject "where-are-you" */;
			developmentRegion = en;
			hasScannedForEncodings = 0;
			knownRegions = (
				en,
				Base,
			);
			mainGroup = B3D031582DD4ED01000CDDC1;
			minimizedProjectReferenceProxies = 1;
			preferredProjectObjectVersion = 77;
			productRefGroup = B3D031622DD4ED01000CDDC1 /* Products */;
			projectDirPath = "";
			projectRoot = "";
			targets = (
				B3D031602DD4ED01000CDDC1 /* where-are-you */,
				B3D0316D2DD4ED04000CDDC1 /* where-are-youTests */,
				B3D031772DD4ED04000CDDC1 /* where-are-youUITests */,
			);
		};
/* End PBXProject section */

/* Begin PBXResourcesBuildPhase section */
		B3D0315F2DD4ED01000CDDC1 /* Resources */ = {
			isa = PBXResourcesBuildPhase;
			buildActionMask = 2147483647;
			files = (
			);
			runOnlyForDeploymentPostprocessing = 0;
		};
		B3D0316C2DD4ED04000CDDC1 /* Resources */ = {
			isa = PBXResourcesBuildPhase;
			buildActionMask = 2147483647;
			files = (
			);
			runOnlyForDeploymentPostprocessing = 0;
		};
		B3D031762DD4ED04000CDDC1 /* Resources */ = {
			isa = PBXResourcesBuildPhase;
			buildActionMask = 2147483647;
			files = (
			);
			runOnlyForDeploymentPostprocessing = 0;
		};
/* End PBXResourcesBuildPhase section */

/* Begin PBXSourcesBuildPhase section */
		B3D0315D2DD4ED01000CDDC1 /* Sources */ = {
			isa = PBXSourcesBuildPhase;
			buildActionMask = 2147483647;
			files = (
			);
			runOnlyForDeploymentPostprocessing = 0;
		};
		B3D0316A2DD4ED04000CDDC1 /* Sources */ = {
			isa = PBXSourcesBuildPhase;
			buildActionMask = 2147483647;
			files = (
			);
			runOnlyForDeploymentPostprocessing = 0;
		};
		B3D031742DD4ED04000CDDC1 /* Sources */ = {
			isa = PBXSourcesBuildPhase;
			buildActionMask = 2147483647;
			files = (
			);
			runOnlyForDeploymentPostprocessing = 0;
		};
/* End PBXSourcesBuildPhase section */

/* Begin PBXTargetDependency section */
		B3D031702DD4ED04000CDDC1 /* PBXTargetDependency */ = {
			isa = PBXTargetDependency;
			target = B3D031602DD4ED01000CDDC1 /* where-are-you */;
			targetProxy = B3D0316F2DD4ED04000CDDC1 /* PBXContainerItemProxy */;
		};
		B3D0317A2DD4ED04000CDDC1 /* PBXTargetDependency */ = {
			isa = PBXTargetDependency;
			target = B3D031602DD4ED01000CDDC1 /* where-are-you */;
			targetProxy = B3D031792DD4ED04000CDDC1 /* PBXContainerItemProxy */;
		};
/* End PBXTargetDependency section */

/* Begin XCBuildConfiguration section */
		B3D031802DD4ED04000CDDC1 /* Debug */ = {
			isa = XCBuildConfiguration;
			buildSettings = {
				ALWAYS_SEARCH_USER_PATHS = NO;
				ASSETCATALOG_COMPILER_GENERATE_SWIFT_ASSET_SYMBOL_EXTENSIONS = YES;
				CLANG_ANALYZER_NONNULL = YES;
				CLANG_ANALYZER_NUMBER_OBJECT_CONVERSION = YES_AGGRESSIVE;
				CLANG_CXX_LANGUAGE_STANDARD = "gnu++20";
				CLANG_ENABLE_MODULES = YES;
				CLANG_ENABLE_OBJC_ARC = YES;
				CLANG_ENABLE_OBJC_WEAK = YES;
				CLANG_WARN_BLOCK_CAPTURE_AUTORELEASING = YES;
				CLANG_WARN_BOOL_CONVERSION = YES;
				CLANG_WARN_COMMA = YES;
				CLANG_WARN_CONSTANT_CONVERSION = YES;
				CLANG_WARN_DEPRECATED_OBJC_IMPLEMENTATIONS = YES;
				CLANG_WARN_DIRECT_OBJC_ISA_USAGE = YES_ERROR;
				CLANG_WARN_DOCUMENTATION_COMMENTS = YES;
				CLANG_WARN_EMPTY_BODY = YES;
				CLANG_WARN_ENUM_CONVERSION = YES;
				CLANG_WARN_INFINITE_RECURSION = YES;
				CLANG_WARN_INT_CONVERSION = YES;
				CLANG_WARN_NON_LITERAL_NULL_CONVERSION = YES;
				CLANG_WARN_OBJC_IMPLICIT_RETAIN_SELF = YES;
				CLANG_WARN_OBJC_LITERAL_CONVERSION = YES;
				CLANG_WARN_OBJC_ROOT_CLASS = YES_ERROR;
				CLANG_WARN_QUOTED_INCLUDE_IN_FRAMEWORK_HEADER = YES;
				CLANG_WARN_RANGE_LOOP_ANALYSIS = YES;
				CLANG_WARN_STRICT_PROTOTYPES = YES;
				CLANG_WARN_SUSPICIOUS_MOVE = YES;
				CLANG_WARN_UNGUARDED_AVAILABILITY = YES_AGGRESSIVE;
				CLANG_WARN_UNREACHABLE_CODE = YES;
				CLANG_WARN__DUPLICATE_METHOD_MATCH = YES;
				COPY_PHASE_STRIP = NO;
				DEBUG_INFORMATION_FORMAT = dwarf;
				DEVELOPMENT_TEAM = RQCJWTN9AX;
				ENABLE_STRICT_OBJC_MSGSEND = YES;
				ENABLE_TESTABILITY = YES;
				ENABLE_USER_SCRIPT_SANDBOXING = YES;
				GCC_C_LANGUAGE_STANDARD = gnu17;
				GCC_DYNAMIC_NO_PIC = NO;
				GCC_NO_COMMON_BLOCKS = YES;
				GCC_OPTIMIZATION_LEVEL = 0;
				GCC_PREPROCESSOR_DEFINITIONS = (
					"DEBUG=1",
					"$(inherited)",
				);
				GCC_WARN_64_TO_32_BIT_CONVERSION = YES;
				GCC_WARN_ABOUT_RETURN_TYPE = YES_ERROR;
				GCC_WARN_UNDECLARED_SELECTOR = YES;
				GCC_WARN_UNINITIALIZED_AUTOS = YES_AGGRESSIVE;
				GCC_WARN_UNUSED_FUNCTION = YES;
				GCC_WARN_UNUSED_VARIABLE = YES;
				IPHONEOS_DEPLOYMENT_TARGET = 18.4;
				LOCALIZATION_PREFERS_STRING_CATALOGS = YES;
				MTL_ENABLE_DEBUG_INFO = INCLUDE_SOURCE;
				MTL_FAST_MATH = YES;
				ONLY_ACTIVE_ARCH = YES;
				SDKROOT = iphoneos;
				SWIFT_ACTIVE_COMPILATION_CONDITIONS = "DEBUG $(inherited)";
				SWIFT_OPTIMIZATION_LEVEL = "-Onone";
			};
			name = Debug;
		};
		B3D031812DD4ED04000CDDC1 /* Release */ = {
			isa = XCBuildConfiguration;
			buildSettings = {
				ALWAYS_SEARCH_USER_PATHS = NO;
				ASSETCATALOG_COMPILER_GENERATE_SWIFT_ASSET_SYMBOL_EXTENSIONS = YES;
				CLANG_ANALYZER_NONNULL = YES;
				CLANG_ANALYZER_NUMBER_OBJECT_CONVERSION = YES_AGGRESSIVE;
				CLANG_CXX_LANGUAGE_STANDARD = "gnu++20";
				CLANG_ENABLE_MODULES = YES;
				CLANG_ENABLE_OBJC_ARC = YES;
				CLANG_ENABLE_OBJC_WEAK = YES;
				CLANG_WARN_BLOCK_CAPTURE_AUTORELEASING = YES;
				CLANG_WARN_BOOL_CONVERSION = YES;
				CLANG_WARN_COMMA = YES;
				CLANG_WARN_CONSTANT_CONVERSION = YES;
				CLANG_WARN_DEPRECATED_OBJC_IMPLEMENTATIONS = YES;
				CLANG_WARN_DIRECT_OBJC_ISA_USAGE = YES_ERROR;
				CLANG_WARN_DOCUMENTATION_COMMENTS = YES;
				CLANG_WARN_EMPTY_BODY = YES;
				CLANG_WARN_ENUM_CONVERSION = YES;
				CLANG_WARN_INFINITE_RECURSION = YES;
				CLANG_WARN_INT_CONVERSION = YES;
				CLANG_WARN_NON_LITERAL_NULL_CONVERSION = YES;
				CLANG_WARN_OBJC_IMPLICIT_RETAIN_SELF = YES;
				CLANG_WARN_OBJC_LITERAL_CONVERSION = YES;
				CLANG_WARN_OBJC_ROOT_CLASS = YES_ERROR;
				CLANG_WARN_QUOTED_INCLUDE_IN_FRAMEWORK_HEADER = YES;
				CLANG_WARN_RANGE_LOOP_ANALYSIS = YES;
				CLANG_WARN_STRICT_PROTOTYPES = YES;
				CLANG_WARN_SUSPICIOUS_MOVE = YES;
				CLANG_WARN_UNGUARDED_AVAILABILITY = YES_AGGRESSIVE;
				CLANG_WARN_UNREACHABLE_CODE = YES;
				CLANG_WARN__DUPLICATE_METHOD_MATCH = YES;
				COPY_PHASE_STRIP = NO;
				DEBUG_INFORMATION_FORMAT = "dwarf-with-dsym";
				DEVELOPMENT_TEAM = RQCJWTN9AX;
				ENABLE_NS_ASSERTIONS = NO;
				ENABLE_STRICT_OBJC_MSGSEND = YES;
				ENABLE_USER_SCRIPT_SANDBOXING = YES;
				GCC_C_LANGUAGE_STANDARD = gnu17;
				GCC_NO_COMMON_BLOCKS = YES;
				GCC_WARN_64_TO_32_BIT_CONVERSION = YES;
				GCC_WARN_ABOUT_RETURN_TYPE = YES_ERROR;
				GCC_WARN_UNDECLARED_SELECTOR = YES;
				GCC_WARN_UNINITIALIZED_AUTOS = YES_AGGRESSIVE;
				GCC_WARN_UNUSED_FUNCTION = YES;
				GCC_WARN_UNUSED_VARIABLE = YES;
				IPHONEOS_DEPLOYMENT_TARGET = 18.4;
				LOCALIZATION_PREFERS_STRING_CATALOGS = YES;
				MTL_ENABLE_DEBUG_INFO = NO;
				MTL_FAST_MATH = YES;
				SDKROOT = iphoneos;
				SWIFT_COMPILATION_MODE = wholemodule;
				VALIDATE_PRODUCT = YES;
			};
			name = Release;
		};
		B3D031832DD4ED04000CDDC1 /* Debug */ = {
			isa = XCBuildConfiguration;
			buildSettings = {
				ASSETCATALOG_COMPILER_APPICON_NAME = AppIcon;
				ASSETCATALOG_COMPILER_GLOBAL_ACCENT_COLOR_NAME = AccentColor;
				CODE_SIGN_STYLE = Automatic;
				CURRENT_PROJECT_VERSION = 1;
				DEVELOPMENT_TEAM = RQCJWTN9AX;
				ENABLE_PREVIEWS = YES;
				GENERATE_INFOPLIST_FILE = YES;
				INFOPLIST_KEY_UIApplicationSceneManifest_Generation = YES;
				INFOPLIST_KEY_UIApplicationSupportsIndirectInputEvents = YES;
				INFOPLIST_KEY_UILaunchScreen_Generation = YES;
				INFOPLIST_KEY_UISupportedInterfaceOrientations_iPad = "UIInterfaceOrientationPortrait UIInterfaceOrientationPortraitUpsideDown UIInterfaceOrientationLandscapeLeft UIInterfaceOrientationLandscapeRight";
				INFOPLIST_KEY_UISupportedInterfaceOrientations_iPhone = "UIInterfaceOrientationPortrait UIInterfaceOrientationLandscapeLeft UIInterfaceOrientationLandscapeRight";
				LD_RUNPATH_SEARCH_PATHS = (
					"$(inherited)",
					"@executable_path/Frameworks",
				);
				MARKETING_VERSION = 1.0;
				PRODUCT_BUNDLE_IDENTIFIER = "com.morgana.where-are-you";
				PRODUCT_NAME = "$(TARGET_NAME)";
				SWIFT_EMIT_LOC_STRINGS = YES;
				SWIFT_VERSION = 5.0;
				TARGETED_DEVICE_FAMILY = "1,2";
			};
			name = Debug;
		};
		B3D031842DD4ED04000CDDC1 /* Release */ = {
			isa = XCBuildConfiguration;
			buildSettings = {
				ASSETCATALOG_COMPILER_APPICON_NAME = AppIcon;
				ASSETCATALOG_COMPILER_GLOBAL_ACCENT_COLOR_NAME = AccentColor;
				CODE_SIGN_STYLE = Automatic;
				CURRENT_PROJECT_VERSION = 1;
				DEVELOPMENT_TEAM = RQCJWTN9AX;
				ENABLE_PREVIEWS = YES;
				GENERATE_INFOPLIST_FILE = YES;
				INFOPLIST_KEY_UIApplicationSceneManifest_Generation = YES;
				INFOPLIST_KEY_UIApplicationSupportsIndirectInputEvents = YES;
				INFOPLIST_KEY_UILaunchScreen_Generation = YES;
				INFOPLIST_KEY_UISupportedInterfaceOrientations_iPad = "UIInterfaceOrientationPortrait UIInterfaceOrientationPortraitUpsideDown UIInterfaceOrientationLandscapeLeft UIInterfaceOrientationLandscapeRight";
				INFOPLIST_KEY_UISupportedInterfaceOrientations_iPhone = "UIInterfaceOrientationPortrait UIInterfaceOrientationLandscapeLeft UIInterfaceOrientationLandscapeRight";
				LD_RUNPATH_SEARCH_PATHS = (
					"$(inherited)",
					"@executable_path/Frameworks",
				);
				MARKETING_VERSION = 1.0;
				PRODUCT_BUNDLE_IDENTIFIER = "com.morgana.where-are-you";
				PRODUCT_NAME = "$(TARGET_NAME)";
				SWIFT_EMIT_LOC_STRINGS = YES;
				SWIFT_VERSION = 5.0;
				TARGETED_DEVICE_FAMILY = "1,2";
			};
			name = Release;
		};
		B3D031862DD4ED04000CDDC1 /* Debug */ = {
			isa = XCBuildConfiguration;
			buildSettings = {
				BUNDLE_LOADER = "$(TEST_HOST)";
				CODE_SIGN_STYLE = Automatic;
				CURRENT_PROJECT_VERSION = 1;
				DEVELOPMENT_TEAM = RQCJWTN9AX;
				GENERATE_INFOPLIST_FILE = YES;
				IPHONEOS_DEPLOYMENT_TARGET = 18.4;
				MARKETING_VERSION = 1.0;
				PRODUCT_BUNDLE_IDENTIFIER = "com.morgana.where-are-youTests";
				PRODUCT_NAME = "$(TARGET_NAME)";
				SWIFT_EMIT_LOC_STRINGS = NO;
				SWIFT_VERSION = 5.0;
				TARGETED_DEVICE_FAMILY = "1,2";
				TEST_HOST = "$(BUILT_PRODUCTS_DIR)/where-are-you.app/$(BUNDLE_EXECUTABLE_FOLDER_PATH)/where-are-you";
			};
			name = Debug;
		};
		B3D031872DD4ED04000CDDC1 /* Release */ = {
			isa = XCBuildConfiguration;
			buildSettings = {
				BUNDLE_LOADER = "$(TEST_HOST)";
				CODE_SIGN_STYLE = Automatic;
				CURRENT_PROJECT_VERSION = 1;
				DEVELOPMENT_TEAM = RQCJWTN9AX;
				GENERATE_INFOPLIST_FILE = YES;
				IPHONEOS_DEPLOYMENT_TARGET = 18.4;
				MARKETING_VERSION = 1.0;
				PRODUCT_BUNDLE_IDENTIFIER = "com.morgana.where-are-youTests";
				PRODUCT_NAME = "$(TARGET_NAME)";
				SWIFT_EMIT_LOC_STRINGS = NO;
				SWIFT_VERSION = 5.0;
				TARGETED_DEVICE_FAMILY = "1,2";
				TEST_HOST = "$(BUILT_PRODUCTS_DIR)/where-are-you.app/$(BUNDLE_EXECUTABLE_FOLDER_PATH)/where-are-you";
			};
			name = Release;
		};
		B3D031892DD4ED04000CDDC1 /* Debug */ = {
			isa = XCBuildConfiguration;
			buildSettings = {
				CODE_SIGN_STYLE = Automatic;
				CURRENT_PROJECT_VERSION = 1;
				DEVELOPMENT_TEAM = RQCJWTN9AX;
				GENERATE_INFOPLIST_FILE = YES;
				MARKETING_VERSION = 1.0;
				PRODUCT_BUNDLE_IDENTIFIER = "com.morgana.where-are-youUITests";
				PRODUCT_NAME = "$(TARGET_NAME)";
				SWIFT_EMIT_LOC_STRINGS = NO;
				SWIFT_VERSION = 5.0;
				TARGETED_DEVICE_FAMILY = "1,2";
				TEST_TARGET_NAME = "where-are-you";
			};
			name = Debug;
		};
		B3D0318A2DD4ED04000CDDC1 /* Release */ = {
			isa = XCBuildConfiguration;
			buildSettings = {
				CODE_SIGN_STYLE = Automatic;
				CURRENT_PROJECT_VERSION = 1;
				DEVELOPMENT_TEAM = RQCJWTN9AX;
				GENERATE_INFOPLIST_FILE = YES;
				MARKETING_VERSION = 1.0;
				PRODUCT_BUNDLE_IDENTIFIER = "com.morgana.where-are-youUITests";
				PRODUCT_NAME = "$(TARGET_NAME)";
				SWIFT_EMIT_LOC_STRINGS = NO;
				SWIFT_VERSION = 5.0;
				TARGETED_DEVICE_FAMILY = "1,2";
				TEST_TARGET_NAME = "where-are-you";
			};
			name = Release;
		};
/* End XCBuildConfiguration section */

/* Begin XCConfigurationList section */
		B3D0315C2DD4ED01000CDDC1 /* Build configuration list for PBXProject "where-are-you" */ = {
			isa = XCConfigurationList;
			buildConfigurations = (
				B3D031802DD4ED04000CDDC1 /* Debug */,
				B3D031812DD4ED04000CDDC1 /* Release */,
			);
			defaultConfigurationIsVisible = 0;
			defaultConfigurationName = Release;
		};
		B3D031822DD4ED04000CDDC1 /* Build configuration list for PBXNativeTarget "where-are-you" */ = {
			isa = XCConfigurationList;
			buildConfigurations = (
				B3D031832DD4ED04000CDDC1 /* Debug */,
				B3D031842DD4ED04000CDDC1 /* Release */,
			);
			defaultConfigurationIsVisible = 0;
			defaultConfigurationName = Release;
		};
		B3D031852DD4ED04000CDDC1 /* Build configuration list for PBXNativeTarget "where-are-youTests" */ = {
			isa = XCConfigurationList;
			buildConfigurations = (
				B3D031862DD4ED04000CDDC1 /* Debug */,
				B3D031872DD4ED04000CDDC1 /* Release */,
			);
			defaultConfigurationIsVisible = 0;
			defaultConfigurationName = Release;
		};
		B3D031882DD4ED04000CDDC1 /* Build configuration list for PBXNativeTarget "where-are-youUITests" */ = {
			isa = XCConfigurationList;
			buildConfigurations = (
				B3D031892DD4ED04000CDDC1 /* Debug */,
				B3D0318A2DD4ED04000CDDC1 /* Release */,
			);
			defaultConfigurationIsVisible = 0;
			defaultConfigurationName = Release;
		};
/* End XCConfigurationList section */
	};
	rootObject = B3D031592DD4ED01000CDDC1 /* Project object */;
}
